// !$*UTF8*$!
{
	archiveVersion = 1;
	classes = {
	};
	objectVersion = 51;
	objects = {

/* Begin PBXBuildFile section */
		36AE3D020F35B149510212F7 /* Pods_MovieAPPTests.framework in Frameworks */ = {isa = PBXBuildFile; fileRef = DEA5BBA0D8766EABB78656A8 /* Pods_MovieAPPTests.framework */; };
		67017B4973C00FA7B0AA3E88 /* Pods_MovieAPPUITests.framework in Frameworks */ = {isa = PBXBuildFile; fileRef = 5547DE989934752E7B91BE78 /* Pods_MovieAPPUITests.framework */; };
		84070A2722C4FADA00EB0AFF /* Constants.swift in Sources */ = {isa = PBXBuildFile; fileRef = 84070A2622C4FADA00EB0AFF /* Constants.swift */; };
		84070A2F22C5005100EB0AFF /* DetailsViewModel.swift in Sources */ = {isa = PBXBuildFile; fileRef = 84070A2E22C5005100EB0AFF /* DetailsViewModel.swift */; };
		84076E4E22C3673000DD5F80 /* MovieViewModel.swift in Sources */ = {isa = PBXBuildFile; fileRef = 84076E4D22C3673000DD5F80 /* MovieViewModel.swift */; };
		842CF5E122B1165900D4FE4D /* UIViewController.swift in Sources */ = {isa = PBXBuildFile; fileRef = 842CF5E022B1165900D4FE4D /* UIViewController.swift */; };
		842CF5E422B141B300D4FE4D /* DetailsVC.swift in Sources */ = {isa = PBXBuildFile; fileRef = 842CF5E322B141B300D4FE4D /* DetailsVC.swift */; };
		84D1C87522C26B4500177853 /* MoviesDataSources.swift in Sources */ = {isa = PBXBuildFile; fileRef = 84D1C87422C26B4500177853 /* MoviesDataSources.swift */; };
		84D1C87922C26C1400177853 /* MovieModel.swift in Sources */ = {isa = PBXBuildFile; fileRef = 84D1C87822C26C1400177853 /* MovieModel.swift */; };
		84ED61AC22B0588F00532600 /* AppDelegate.swift in Sources */ = {isa = PBXBuildFile; fileRef = 84ED61AB22B0588F00532600 /* AppDelegate.swift */; };
		84ED61AE22B0588F00532600 /* MovieViewController.swift in Sources */ = {isa = PBXBuildFile; fileRef = 84ED61AD22B0588F00532600 /* MovieViewController.swift */; };
		84ED61B122B0588F00532600 /* Main.storyboard in Resources */ = {isa = PBXBuildFile; fileRef = 84ED61AF22B0588F00532600 /* Main.storyboard */; };
		84ED61B322B0589100532600 /* Assets.xcassets in Resources */ = {isa = PBXBuildFile; fileRef = 84ED61B222B0589100532600 /* Assets.xcassets */; };
		84ED61B622B0589100532600 /* LaunchScreen.storyboard in Resources */ = {isa = PBXBuildFile; fileRef = 84ED61B422B0589100532600 /* LaunchScreen.storyboard */; };
		84ED61C122B0589100532600 /* MovieAPPTests.swift in Sources */ = {isa = PBXBuildFile; fileRef = 84ED61C022B0589100532600 /* MovieAPPTests.swift */; };
		84ED61CC22B0589100532600 /* MovieAPPUITests.swift in Sources */ = {isa = PBXBuildFile; fileRef = 84ED61CB22B0589100532600 /* MovieAPPUITests.swift */; };
		84ED61DA22B068B900532600 /* MovieCell.swift in Sources */ = {isa = PBXBuildFile; fileRef = 84ED61D922B068B900532600 /* MovieCell.swift */; };
		A53221AF0AB6DA5DCFE233EC /* Pods_MovieAPP.framework in Frameworks */ = {isa = PBXBuildFile; fileRef = 345F05E16F439338A067F492 /* Pods_MovieAPP.framework */; };
/* End PBXBuildFile section */

/* Begin PBXContainerItemProxy section */
		84ED61BD22B0589100532600 /* PBXContainerItemProxy */ = {
			isa = PBXContainerItemProxy;
			containerPortal = 84ED61A022B0588F00532600 /* Project object */;
			proxyType = 1;
			remoteGlobalIDString = 84ED61A722B0588F00532600;
			remoteInfo = MovieAPP;
		};
		84ED61C822B0589100532600 /* PBXContainerItemProxy */ = {
			isa = PBXContainerItemProxy;
			containerPortal = 84ED61A022B0588F00532600 /* Project object */;
			proxyType = 1;
			remoteGlobalIDString = 84ED61A722B0588F00532600;
			remoteInfo = MovieAPP;
		};
/* End PBXContainerItemProxy section */

/* Begin PBXFileReference section */
		064DE09C396A12D7DC848BAF /* Pods-MovieAPP.debug.xcconfig */ = {isa = PBXFileReference; includeInIndex = 1; lastKnownFileType = text.xcconfig; name = "Pods-MovieAPP.debug.xcconfig"; path = "Target Support Files/Pods-MovieAPP/Pods-MovieAPP.debug.xcconfig"; sourceTree = "<group>"; };
		2688FE11183AE6BEB0A54A95 /* Pods-MovieAPPTests.debug.xcconfig */ = {isa = PBXFileReference; includeInIndex = 1; lastKnownFileType = text.xcconfig; name = "Pods-MovieAPPTests.debug.xcconfig"; path = "Target Support Files/Pods-MovieAPPTests/Pods-MovieAPPTests.debug.xcconfig"; sourceTree = "<group>"; };
		345F05E16F439338A067F492 /* Pods_MovieAPP.framework */ = {isa = PBXFileReference; explicitFileType = wrapper.framework; includeInIndex = 0; path = Pods_MovieAPP.framework; sourceTree = BUILT_PRODUCTS_DIR; };
		5547DE989934752E7B91BE78 /* Pods_MovieAPPUITests.framework */ = {isa = PBXFileReference; explicitFileType = wrapper.framework; includeInIndex = 0; path = Pods_MovieAPPUITests.framework; sourceTree = BUILT_PRODUCTS_DIR; };
		84070A2622C4FADA00EB0AFF /* Constants.swift */ = {isa = PBXFileReference; lastKnownFileType = sourcecode.swift; path = Constants.swift; sourceTree = "<group>"; };
		84070A2E22C5005100EB0AFF /* DetailsViewModel.swift */ = {isa = PBXFileReference; lastKnownFileType = sourcecode.swift; path = DetailsViewModel.swift; sourceTree = "<group>"; };
		84076E4D22C3673000DD5F80 /* MovieViewModel.swift */ = {isa = PBXFileReference; lastKnownFileType = sourcecode.swift; path = MovieViewModel.swift; sourceTree = "<group>"; };
		842CF5E022B1165900D4FE4D /* UIViewController.swift */ = {isa = PBXFileReference; lastKnownFileType = sourcecode.swift; path = UIViewController.swift; sourceTree = "<group>"; };
		842CF5E322B141B300D4FE4D /* DetailsVC.swift */ = {isa = PBXFileReference; lastKnownFileType = sourcecode.swift; path = DetailsVC.swift; sourceTree = "<group>"; };
		84D1C87422C26B4500177853 /* MoviesDataSources.swift */ = {isa = PBXFileReference; lastKnownFileType = sourcecode.swift; path = MoviesDataSources.swift; sourceTree = "<group>"; };
		84D1C87822C26C1400177853 /* MovieModel.swift */ = {isa = PBXFileReference; fileEncoding = 4; lastKnownFileType = sourcecode.swift; path = MovieModel.swift; sourceTree = "<group>"; };
		84ED61A822B0588F00532600 /* MovieAPP.app */ = {isa = PBXFileReference; explicitFileType = wrapper.application; includeInIndex = 0; path = MovieAPP.app; sourceTree = BUILT_PRODUCTS_DIR; };
		84ED61AB22B0588F00532600 /* AppDelegate.swift */ = {isa = PBXFileReference; lastKnownFileType = sourcecode.swift; path = AppDelegate.swift; sourceTree = "<group>"; };
		84ED61AD22B0588F00532600 /* MovieViewController.swift */ = {isa = PBXFileReference; lastKnownFileType = sourcecode.swift; path = MovieViewController.swift; sourceTree = "<group>"; };
		84ED61B022B0588F00532600 /* Base */ = {isa = PBXFileReference; lastKnownFileType = file.storyboard; name = Base; path = Base.lproj/Main.storyboard; sourceTree = "<group>"; };
		84ED61B222B0589100532600 /* Assets.xcassets */ = {isa = PBXFileReference; lastKnownFileType = folder.assetcatalog; path = Assets.xcassets; sourceTree = "<group>"; };
		84ED61B522B0589100532600 /* Base */ = {isa = PBXFileReference; lastKnownFileType = file.storyboard; name = Base; path = Base.lproj/LaunchScreen.storyboard; sourceTree = "<group>"; };
		84ED61B722B0589100532600 /* Info.plist */ = {isa = PBXFileReference; lastKnownFileType = text.plist.xml; path = Info.plist; sourceTree = "<group>"; };
		84ED61BC22B0589100532600 /* MovieAPPTests.xctest */ = {isa = PBXFileReference; explicitFileType = wrapper.cfbundle; includeInIndex = 0; path = MovieAPPTests.xctest; sourceTree = BUILT_PRODUCTS_DIR; };
		84ED61C022B0589100532600 /* MovieAPPTests.swift */ = {isa = PBXFileReference; lastKnownFileType = sourcecode.swift; path = MovieAPPTests.swift; sourceTree = "<group>"; };
		84ED61C222B0589100532600 /* Info.plist */ = {isa = PBXFileReference; lastKnownFileType = text.plist.xml; path = Info.plist; sourceTree = "<group>"; };
		84ED61C722B0589100532600 /* MovieAPPUITests.xctest */ = {isa = PBXFileReference; explicitFileType = wrapper.cfbundle; includeInIndex = 0; path = MovieAPPUITests.xctest; sourceTree = BUILT_PRODUCTS_DIR; };
		84ED61CB22B0589100532600 /* MovieAPPUITests.swift */ = {isa = PBXFileReference; lastKnownFileType = sourcecode.swift; path = MovieAPPUITests.swift; sourceTree = "<group>"; };
		84ED61CD22B0589100532600 /* Info.plist */ = {isa = PBXFileReference; lastKnownFileType = text.plist.xml; path = Info.plist; sourceTree = "<group>"; };
		84ED61D922B068B900532600 /* MovieCell.swift */ = {isa = PBXFileReference; lastKnownFileType = sourcecode.swift; path = MovieCell.swift; sourceTree = "<group>"; };
		BDD33552A2E096574E522E12 /* Pods-MovieAPPUITests.debug.xcconfig */ = {isa = PBXFileReference; includeInIndex = 1; lastKnownFileType = text.xcconfig; name = "Pods-MovieAPPUITests.debug.xcconfig"; path = "Target Support Files/Pods-MovieAPPUITests/Pods-MovieAPPUITests.debug.xcconfig"; sourceTree = "<group>"; };
		DD52C8DB265D8F7167F482AD /* Pods-MovieAPPTests.release.xcconfig */ = {isa = PBXFileReference; includeInIndex = 1; lastKnownFileType = text.xcconfig; name = "Pods-MovieAPPTests.release.xcconfig"; path = "Target Support Files/Pods-MovieAPPTests/Pods-MovieAPPTests.release.xcconfig"; sourceTree = "<group>"; };
		DEA5BBA0D8766EABB78656A8 /* Pods_MovieAPPTests.framework */ = {isa = PBXFileReference; explicitFileType = wrapper.framework; includeInIndex = 0; path = Pods_MovieAPPTests.framework; sourceTree = BUILT_PRODUCTS_DIR; };
		E1D56CB8FC069AE49E072E7D /* Pods-MovieAPP.release.xcconfig */ = {isa = PBXFileReference; includeInIndex = 1; lastKnownFileType = text.xcconfig; name = "Pods-MovieAPP.release.xcconfig"; path = "Target Support Files/Pods-MovieAPP/Pods-MovieAPP.release.xcconfig"; sourceTree = "<group>"; };
		F9099409F121739A1E9F05EE /* Pods-MovieAPPUITests.release.xcconfig */ = {isa = PBXFileReference; includeInIndex = 1; lastKnownFileType = text.xcconfig; name = "Pods-MovieAPPUITests.release.xcconfig"; path = "Target Support Files/Pods-MovieAPPUITests/Pods-MovieAPPUITests.release.xcconfig"; sourceTree = "<group>"; };
/* End PBXFileReference section */

/* Begin PBXFrameworksBuildPhase section */
		84ED61A522B0588F00532600 /* Frameworks */ = {
			isa = PBXFrameworksBuildPhase;
			buildActionMask = 2147483647;
			files = (
				A53221AF0AB6DA5DCFE233EC /* Pods_MovieAPP.framework in Frameworks */,
			);
			runOnlyForDeploymentPostprocessing = 0;
		};
		84ED61B922B0589100532600 /* Frameworks */ = {
			isa = PBXFrameworksBuildPhase;
			buildActionMask = 2147483647;
			files = (
				36AE3D020F35B149510212F7 /* Pods_MovieAPPTests.framework in Frameworks */,
			);
			runOnlyForDeploymentPostprocessing = 0;
		};
		84ED61C422B0589100532600 /* Frameworks */ = {
			isa = PBXFrameworksBuildPhase;
			buildActionMask = 2147483647;
			files = (
				67017B4973C00FA7B0AA3E88 /* Pods_MovieAPPUITests.framework in Frameworks */,
			);
			runOnlyForDeploymentPostprocessing = 0;
		};
/* End PBXFrameworksBuildPhase section */

/* Begin PBXGroup section */
		3B9C73372FC91CB61BD9E0DC /* Pods */ = {
			isa = PBXGroup;
			children = (
				064DE09C396A12D7DC848BAF /* Pods-MovieAPP.debug.xcconfig */,
				E1D56CB8FC069AE49E072E7D /* Pods-MovieAPP.release.xcconfig */,
				2688FE11183AE6BEB0A54A95 /* Pods-MovieAPPTests.debug.xcconfig */,
				DD52C8DB265D8F7167F482AD /* Pods-MovieAPPTests.release.xcconfig */,
				BDD33552A2E096574E522E12 /* Pods-MovieAPPUITests.debug.xcconfig */,
				F9099409F121739A1E9F05EE /* Pods-MovieAPPUITests.release.xcconfig */,
			);
			path = Pods;
			sourceTree = "<group>";
		};
		4FD8E27E66EB0D7264EED230 /* Frameworks */ = {
			isa = PBXGroup;
			children = (
				345F05E16F439338A067F492 /* Pods_MovieAPP.framework */,
				DEA5BBA0D8766EABB78656A8 /* Pods_MovieAPPTests.framework */,
				5547DE989934752E7B91BE78 /* Pods_MovieAPPUITests.framework */,
			);
			name = Frameworks;
			sourceTree = "<group>";
		};
		84070A2422C4FAB900EB0AFF /* Library */ = {
			isa = PBXGroup;
			children = (
				84070A2622C4FADA00EB0AFF /* Constants.swift */,
			);
			path = Library;
			sourceTree = "<group>";
		};
		84070A2822C4FC2400EB0AFF /* List */ = {
			isa = PBXGroup;
			children = (
				842CF5E222B1169300D4FE4D /* Controllers */,
				84D1C87122C24F1A00177853 /* ViewModels */,
				84D1C86F22C223D900177853 /* Models */,
				84D1C87022C24EF600177853 /* DataSources */,
			);
			path = List;
			sourceTree = "<group>";
		};
		84070A2922C4FC2E00EB0AFF /* Detail */ = {
			isa = PBXGroup;
			children = (
				84070A2A22C4FF6400EB0AFF /* Controllers */,
				84070A2C22C4FF7400EB0AFF /* Models */,
				84070A2B22C4FF6C00EB0AFF /* ViewModels */,
				84070A2D22C4FF7B00EB0AFF /* DataSources */,
			);
			path = Detail;
			sourceTree = "<group>";
		};
		84070A2A22C4FF6400EB0AFF /* Controllers */ = {
			isa = PBXGroup;
			children = (
				842CF5E322B141B300D4FE4D /* DetailsVC.swift */,
			);
			path = Controllers;
			sourceTree = "<group>";
		};
		84070A2B22C4FF6C00EB0AFF /* ViewModels */ = {
			isa = PBXGroup;
			children = (
				84070A2E22C5005100EB0AFF /* DetailsViewModel.swift */,
			);
			path = ViewModels;
			sourceTree = "<group>";
		};
		84070A2C22C4FF7400EB0AFF /* Models */ = {
			isa = PBXGroup;
			children = (
			);
			path = Models;
			sourceTree = "<group>";
		};
		84070A2D22C4FF7B00EB0AFF /* DataSources */ = {
			isa = PBXGroup;
			children = (
			);
			path = DataSources;
			sourceTree = "<group>";
		};
		842CF5DF22B1162D00D4FE4D /* Extensions */ = {
			isa = PBXGroup;
			children = (
				842CF5E022B1165900D4FE4D /* UIViewController.swift */,
			);
			path = Extensions;
			sourceTree = "<group>";
		};
		842CF5E222B1169300D4FE4D /* Controllers */ = {
			isa = PBXGroup;
			children = (
				84ED61AB22B0588F00532600 /* AppDelegate.swift */,
				84ED61AD22B0588F00532600 /* MovieViewController.swift */,
				84ED61D922B068B900532600 /* MovieCell.swift */,
			);
			path = Controllers;
			sourceTree = "<group>";
		};
		84D1C86E22C2225A00177853 /* Features */ = {
			isa = PBXGroup;
			children = (
				84070A2922C4FC2E00EB0AFF /* Detail */,
				84070A2822C4FC2400EB0AFF /* List */,
			);
			path = Features;
			sourceTree = "<group>";
		};
		84D1C86F22C223D900177853 /* Models */ = {
			isa = PBXGroup;
			children = (
				84D1C87822C26C1400177853 /* MovieModel.swift */,
			);
			path = Models;
			sourceTree = "<group>";
		};
		84D1C87022C24EF600177853 /* DataSources */ = {
			isa = PBXGroup;
			children = (
				84D1C87422C26B4500177853 /* MoviesDataSources.swift */,
			);
			path = DataSources;
			sourceTree = "<group>";
		};
		84D1C87122C24F1A00177853 /* ViewModels */ = {
			isa = PBXGroup;
			children = (
				84076E4D22C3673000DD5F80 /* MovieViewModel.swift */,
			);
			path = ViewModels;
			sourceTree = "<group>";
		};
		84ED619F22B0588F00532600 = {
			isa = PBXGroup;
			children = (
				84ED61AA22B0588F00532600 /* MovieAPP */,
				84ED61BF22B0589100532600 /* MovieAPPTests */,
				84ED61CA22B0589100532600 /* MovieAPPUITests */,
				84ED61A922B0588F00532600 /* Products */,
				3B9C73372FC91CB61BD9E0DC /* Pods */,
				4FD8E27E66EB0D7264EED230 /* Frameworks */,
			);
			sourceTree = "<group>";
		};
		84ED61A922B0588F00532600 /* Products */ = {
			isa = PBXGroup;
			children = (
				84ED61A822B0588F00532600 /* MovieAPP.app */,
				84ED61BC22B0589100532600 /* MovieAPPTests.xctest */,
				84ED61C722B0589100532600 /* MovieAPPUITests.xctest */,
			);
			name = Products;
			sourceTree = "<group>";
		};
		84ED61AA22B0588F00532600 /* MovieAPP */ = {
			isa = PBXGroup;
			children = (
				84D1C86E22C2225A00177853 /* Features */,
				842CF5DF22B1162D00D4FE4D /* Extensions */,
				84070A2422C4FAB900EB0AFF /* Library */,
				84ED61AF22B0588F00532600 /* Main.storyboard */,
				84ED61B222B0589100532600 /* Assets.xcassets */,
				84ED61B422B0589100532600 /* LaunchScreen.storyboard */,
				84ED61B722B0589100532600 /* Info.plist */,
			);
			path = MovieAPP;
			sourceTree = "<group>";
		};
		84ED61BF22B0589100532600 /* MovieAPPTests */ = {
			isa = PBXGroup;
			children = (
				84ED61C022B0589100532600 /* MovieAPPTests.swift */,
				84ED61C222B0589100532600 /* Info.plist */,
			);
			path = MovieAPPTests;
			sourceTree = "<group>";
		};
		84ED61CA22B0589100532600 /* MovieAPPUITests */ = {
			isa = PBXGroup;
			children = (
				84ED61CB22B0589100532600 /* MovieAPPUITests.swift */,
				84ED61CD22B0589100532600 /* Info.plist */,
			);
			path = MovieAPPUITests;
			sourceTree = "<group>";
		};
/* End PBXGroup section */

/* Begin PBXNativeTarget section */
		84ED61A722B0588F00532600 /* MovieAPP */ = {
			isa = PBXNativeTarget;
			buildConfigurationList = 84ED61D022B0589100532600 /* Build configuration list for PBXNativeTarget "MovieAPP" */;
			buildPhases = (
				AFBDC5BDD4E95D1E5AE79319 /* [CP] Check Pods Manifest.lock */,
				84ED61A422B0588F00532600 /* Sources */,
				84ED61A522B0588F00532600 /* Frameworks */,
				84ED61A622B0588F00532600 /* Resources */,
				B072816CCAE6ECF55DC764AC /* [CP] Embed Pods Frameworks */,
			);
			buildRules = (
			);
			dependencies = (
			);
			name = MovieAPP;
			productName = MovieAPP;
			productReference = 84ED61A822B0588F00532600 /* MovieAPP.app */;
			productType = "com.apple.product-type.application";
		};
		84ED61BB22B0589100532600 /* MovieAPPTests */ = {
			isa = PBXNativeTarget;
			buildConfigurationList = 84ED61D322B0589100532600 /* Build configuration list for PBXNativeTarget "MovieAPPTests" */;
			buildPhases = (
				6063FE0D4DA495C64D5070F8 /* [CP] Check Pods Manifest.lock */,
				84ED61B822B0589100532600 /* Sources */,
				84ED61B922B0589100532600 /* Frameworks */,
				84ED61BA22B0589100532600 /* Resources */,
			);
			buildRules = (
			);
			dependencies = (
				84ED61BE22B0589100532600 /* PBXTargetDependency */,
			);
			name = MovieAPPTests;
			productName = MovieAPPTests;
			productReference = 84ED61BC22B0589100532600 /* MovieAPPTests.xctest */;
			productType = "com.apple.product-type.bundle.unit-test";
		};
		84ED61C622B0589100532600 /* MovieAPPUITests */ = {
			isa = PBXNativeTarget;
			buildConfigurationList = 84ED61D622B0589100532600 /* Build configuration list for PBXNativeTarget "MovieAPPUITests" */;
			buildPhases = (
				720C95D80CAD82F0FD614FEC /* [CP] Check Pods Manifest.lock */,
				84ED61C322B0589100532600 /* Sources */,
				84ED61C422B0589100532600 /* Frameworks */,
				84ED61C522B0589100532600 /* Resources */,
			);
			buildRules = (
			);
			dependencies = (
				84ED61C922B0589100532600 /* PBXTargetDependency */,
			);
			name = MovieAPPUITests;
			productName = MovieAPPUITests;
			productReference = 84ED61C722B0589100532600 /* MovieAPPUITests.xctest */;
			productType = "com.apple.product-type.bundle.ui-testing";
		};
/* End PBXNativeTarget section */

/* Begin PBXProject section */
		84ED61A022B0588F00532600 /* Project object */ = {
			isa = PBXProject;
			attributes = {
				LastSwiftUpdateCheck = 1020;
				LastUpgradeCheck = 1020;
				ORGANIZATIONNAME = Rusik;
				TargetAttributes = {
					84ED61A722B0588F00532600 = {
						CreatedOnToolsVersion = 10.2.1;
					};
					84ED61BB22B0589100532600 = {
						CreatedOnToolsVersion = 10.2.1;
						TestTargetID = 84ED61A722B0588F00532600;
					};
					84ED61C622B0589100532600 = {
						CreatedOnToolsVersion = 10.2.1;
						TestTargetID = 84ED61A722B0588F00532600;
					};
				};
			};
			buildConfigurationList = 84ED61A322B0588F00532600 /* Build configuration list for PBXProject "MovieAPP" */;
			compatibilityVersion = "Xcode 9.3";
			developmentRegion = en;
			hasScannedForEncodings = 0;
			knownRegions = (
				en,
				Base,
			);
			mainGroup = 84ED619F22B0588F00532600;
			productRefGroup = 84ED61A922B0588F00532600 /* Products */;
			projectDirPath = "";
			projectRoot = "";
			targets = (
				84ED61A722B0588F00532600 /* MovieAPP */,
				84ED61BB22B0589100532600 /* MovieAPPTests */,
				84ED61C622B0589100532600 /* MovieAPPUITests */,
			);
		};
/* End PBXProject section */

/* Begin PBXResourcesBuildPhase section */
		84ED61A622B0588F00532600 /* Resources */ = {
			isa = PBXResourcesBuildPhase;
			buildActionMask = 2147483647;
			files = (
				84ED61B622B0589100532600 /* LaunchScreen.storyboard in Resources */,
				84ED61B322B0589100532600 /* Assets.xcassets in Resources */,
				84ED61B122B0588F00532600 /* Main.storyboard in Resources */,
			);
			runOnlyForDeploymentPostprocessing = 0;
		};
		84ED61BA22B0589100532600 /* Resources */ = {
			isa = PBXResourcesBuildPhase;
			buildActionMask = 2147483647;
			files = (
			);
			runOnlyForDeploymentPostprocessing = 0;
		};
		84ED61C522B0589100532600 /* Resources */ = {
			isa = PBXResourcesBuildPhase;
			buildActionMask = 2147483647;
			files = (
			);
			runOnlyForDeploymentPostprocessing = 0;
		};
/* End PBXResourcesBuildPhase section */

/* Begin PBXShellScriptBuildPhase section */
		6063FE0D4DA495C64D5070F8 /* [CP] Check Pods Manifest.lock */ = {
			isa = PBXShellScriptBuildPhase;
			buildActionMask = 2147483647;
			files = (
			);
			inputFileListPaths = (
			);
			inputPaths = (
				"${PODS_PODFILE_DIR_PATH}/Podfile.lock",
				"${PODS_ROOT}/Manifest.lock",
			);
			name = "[CP] Check Pods Manifest.lock";
			outputFileListPaths = (
			);
			outputPaths = (
				"$(DERIVED_FILE_DIR)/Pods-MovieAPPTests-checkManifestLockResult.txt",
			);
			runOnlyForDeploymentPostprocessing = 0;
			shellPath = /bin/sh;
			shellScript = "diff \"${PODS_PODFILE_DIR_PATH}/Podfile.lock\" \"${PODS_ROOT}/Manifest.lock\" > /dev/null\nif [ $? != 0 ] ; then\n    # print error to STDERR\n    echo \"error: The sandbox is not in sync with the Podfile.lock. Run 'pod install' or update your CocoaPods installation.\" >&2\n    exit 1\nfi\n# This output is used by Xcode 'outputs' to avoid re-running this script phase.\necho \"SUCCESS\" > \"${SCRIPT_OUTPUT_FILE_0}\"\n";
			showEnvVarsInLog = 0;
		};
		720C95D80CAD82F0FD614FEC /* [CP] Check Pods Manifest.lock */ = {
			isa = PBXShellScriptBuildPhase;
			buildActionMask = 2147483647;
			files = (
			);
			inputFileListPaths = (
			);
			inputPaths = (
				"${PODS_PODFILE_DIR_PATH}/Podfile.lock",
				"${PODS_ROOT}/Manifest.lock",
			);
			name = "[CP] Check Pods Manifest.lock";
			outputFileListPaths = (
			);
			outputPaths = (
				"$(DERIVED_FILE_DIR)/Pods-MovieAPPUITests-checkManifestLockResult.txt",
			);
			runOnlyForDeploymentPostprocessing = 0;
			shellPath = /bin/sh;
			shellScript = "diff \"${PODS_PODFILE_DIR_PATH}/Podfile.lock\" \"${PODS_ROOT}/Manifest.lock\" > /dev/null\nif [ $? != 0 ] ; then\n    # print error to STDERR\n    echo \"error: The sandbox is not in sync with the Podfile.lock. Run 'pod install' or update your CocoaPods installation.\" >&2\n    exit 1\nfi\n# This output is used by Xcode 'outputs' to avoid re-running this script phase.\necho \"SUCCESS\" > \"${SCRIPT_OUTPUT_FILE_0}\"\n";
			showEnvVarsInLog = 0;
		};
		AFBDC5BDD4E95D1E5AE79319 /* [CP] Check Pods Manifest.lock */ = {
			isa = PBXShellScriptBuildPhase;
			buildActionMask = 2147483647;
			files = (
			);
			inputFileListPaths = (
			);
			inputPaths = (
				"${PODS_PODFILE_DIR_PATH}/Podfile.lock",
				"${PODS_ROOT}/Manifest.lock",
			);
			name = "[CP] Check Pods Manifest.lock";
			outputFileListPaths = (
			);
			outputPaths = (
				"$(DERIVED_FILE_DIR)/Pods-MovieAPP-checkManifestLockResult.txt",
			);
			runOnlyForDeploymentPostprocessing = 0;
			shellPath = /bin/sh;
			shellScript = "diff \"${PODS_PODFILE_DIR_PATH}/Podfile.lock\" \"${PODS_ROOT}/Manifest.lock\" > /dev/null\nif [ $? != 0 ] ; then\n    # print error to STDERR\n    echo \"error: The sandbox is not in sync with the Podfile.lock. Run 'pod install' or update your CocoaPods installation.\" >&2\n    exit 1\nfi\n# This output is used by Xcode 'outputs' to avoid re-running this script phase.\necho \"SUCCESS\" > \"${SCRIPT_OUTPUT_FILE_0}\"\n";
			showEnvVarsInLog = 0;
		};
		B072816CCAE6ECF55DC764AC /* [CP] Embed Pods Frameworks */ = {
			isa = PBXShellScriptBuildPhase;
			buildActionMask = 2147483647;
			files = (
			);
			inputFileListPaths = (
				"${PODS_ROOT}/Target Support Files/Pods-MovieAPP/Pods-MovieAPP-frameworks-${CONFIGURATION}-input-files.xcfilelist",
			);
			name = "[CP] Embed Pods Frameworks";
			outputFileListPaths = (
				"${PODS_ROOT}/Target Support Files/Pods-MovieAPP/Pods-MovieAPP-frameworks-${CONFIGURATION}-output-files.xcfilelist",
			);
			runOnlyForDeploymentPostprocessing = 0;
			shellPath = /bin/sh;
			shellScript = "\"${PODS_ROOT}/Target Support Files/Pods-MovieAPP/Pods-MovieAPP-frameworks.sh\"\n";
			showEnvVarsInLog = 0;
		};
/* End PBXShellScriptBuildPhase section */

/* Begin PBXSourcesBuildPhase section */
		84ED61A422B0588F00532600 /* Sources */ = {
			isa = PBXSourcesBuildPhase;
			buildActionMask = 2147483647;
			files = (
				84ED61AE22B0588F00532600 /* MovieViewController.swift in Sources */,
				84ED61AC22B0588F00532600 /* AppDelegate.swift in Sources */,
				842CF5E122B1165900D4FE4D /* UIViewController.swift in Sources */,
				84076E4E22C3673000DD5F80 /* MovieViewModel.swift in Sources */,
				84D1C87922C26C1400177853 /* MovieModel.swift in Sources */,
				84D1C87522C26B4500177853 /* MoviesDataSources.swift in Sources */,
				84ED61DA22B068B900532600 /* MovieCell.swift in Sources */,
				84070A2F22C5005100EB0AFF /* DetailsViewModel.swift in Sources */,
				84070A2722C4FADA00EB0AFF /* Constants.swift in Sources */,
				842CF5E422B141B300D4FE4D /* DetailsVC.swift in Sources */,
			);
			runOnlyForDeploymentPostprocessing = 0;
		};
		84ED61B822B0589100532600 /* Sources */ = {
			isa = PBXSourcesBuildPhase;
			buildActionMask = 2147483647;
			files = (
				84ED61C122B0589100532600 /* MovieAPPTests.swift in Sources */,
			);
			runOnlyForDeploymentPostprocessing = 0;
		};
		84ED61C322B0589100532600 /* Sources */ = {
			isa = PBXSourcesBuildPhase;
			buildActionMask = 2147483647;
			files = (
				84ED61CC22B0589100532600 /* MovieAPPUITests.swift in Sources */,
			);
			runOnlyForDeploymentPostprocessing = 0;
		};
/* End PBXSourcesBuildPhase section */

/* Begin PBXTargetDependency section */
		84ED61BE22B0589100532600 /* PBXTargetDependency */ = {
			isa = PBXTargetDependency;
			target = 84ED61A722B0588F00532600 /* MovieAPP */;
			targetProxy = 84ED61BD22B0589100532600 /* PBXContainerItemProxy */;
		};
		84ED61C922B0589100532600 /* PBXTargetDependency */ = {
			isa = PBXTargetDependency;
			target = 84ED61A722B0588F00532600 /* MovieAPP */;
			targetProxy = 84ED61C822B0589100532600 /* PBXContainerItemProxy */;
		};
/* End PBXTargetDependency section */

/* Begin PBXVariantGroup section */
		84ED61AF22B0588F00532600 /* Main.storyboard */ = {
			isa = PBXVariantGroup;
			children = (
				84ED61B022B0588F00532600 /* Base */,
			);
			name = Main.storyboard;
			sourceTree = "<group>";
		};
		84ED61B422B0589100532600 /* LaunchScreen.storyboard */ = {
			isa = PBXVariantGroup;
			children = (
				84ED61B522B0589100532600 /* Base */,
			);
			name = LaunchScreen.storyboard;
			sourceTree = "<group>";
		};
/* End PBXVariantGroup section */

/* Begin XCBuildConfiguration section */
		84ED61CE22B0589100532600 /* Debug */ = {
			isa = XCBuildConfiguration;
			buildSettings = {
				ALWAYS_SEARCH_USER_PATHS = NO;
				CLANG_ANALYZER_NONNULL = YES;
				CLANG_ANALYZER_NUMBER_OBJECT_CONVERSION = YES_AGGRESSIVE;
				CLANG_CXX_LANGUAGE_STANDARD = "gnu++14";
				CLANG_CXX_LIBRARY = "libc++";
				CLANG_ENABLE_MODULES = YES;
				CLANG_ENABLE_OBJC_ARC = YES;
				CLANG_ENABLE_OBJC_WEAK = YES;
				CLANG_WARN_BLOCK_CAPTURE_AUTORELEASING = YES;
				CLANG_WARN_BOOL_CONVERSION = YES;
				CLANG_WARN_COMMA = YES;
				CLANG_WARN_CONSTANT_CONVERSION = YES;
				CLANG_WARN_DEPRECATED_OBJC_IMPLEMENTATIONS = YES;
				CLANG_WARN_DIRECT_OBJC_ISA_USAGE = YES_ERROR;
				CLANG_WARN_DOCUMENTATION_COMMENTS = YES;
				CLANG_WARN_EMPTY_BODY = YES;
				CLANG_WARN_ENUM_CONVERSION = YES;
				CLANG_WARN_INFINITE_RECURSION = YES;
				CLANG_WARN_INT_CONVERSION = YES;
				CLANG_WARN_NON_LITERAL_NULL_CONVERSION = YES;
				CLANG_WARN_OBJC_IMPLICIT_RETAIN_SELF = YES;
				CLANG_WARN_OBJC_LITERAL_CONVERSION = YES;
				CLANG_WARN_OBJC_ROOT_CLASS = YES_ERROR;
				CLANG_WARN_RANGE_LOOP_ANALYSIS = YES;
				CLANG_WARN_STRICT_PROTOTYPES = YES;
				CLANG_WARN_SUSPICIOUS_MOVE = YES;
				CLANG_WARN_UNGUARDED_AVAILABILITY = YES_AGGRESSIVE;
				CLANG_WARN_UNREACHABLE_CODE = YES;
				CLANG_WARN__DUPLICATE_METHOD_MATCH = YES;
				CODE_SIGN_IDENTITY = "iPhone Developer";
				COPY_PHASE_STRIP = NO;
				DEBUG_INFORMATION_FORMAT = dwarf;
				ENABLE_STRICT_OBJC_MSGSEND = YES;
				ENABLE_TESTABILITY = YES;
				GCC_C_LANGUAGE_STANDARD = gnu11;
				GCC_DYNAMIC_NO_PIC = NO;
				GCC_NO_COMMON_BLOCKS = YES;
				GCC_OPTIMIZATION_LEVEL = 0;
				GCC_PREPROCESSOR_DEFINITIONS = (
					"DEBUG=1",
					"$(inherited)",
				);
				GCC_WARN_64_TO_32_BIT_CONVERSION = YES;
				GCC_WARN_ABOUT_RETURN_TYPE = YES_ERROR;
				GCC_WARN_UNDECLARED_SELECTOR = YES;
				GCC_WARN_UNINITIALIZED_AUTOS = YES_AGGRESSIVE;
				GCC_WARN_UNUSED_FUNCTION = YES;
				GCC_WARN_UNUSED_VARIABLE = YES;
				IPHONEOS_DEPLOYMENT_TARGET = 12.2;
				MTL_ENABLE_DEBUG_INFO = INCLUDE_SOURCE;
				MTL_FAST_MATH = YES;
				ONLY_ACTIVE_ARCH = YES;
				SDKROOT = iphoneos;
				SWIFT_ACTIVE_COMPILATION_CONDITIONS = DEBUG;
				SWIFT_OPTIMIZATION_LEVEL = "-Onone";
			};
			name = Debug;
		};
		84ED61CF22B0589100532600 /* Release */ = {
			isa = XCBuildConfiguration;
			buildSettings = {
				ALWAYS_SEARCH_USER_PATHS = NO;
				CLANG_ANALYZER_NONNULL = YES;
				CLANG_ANALYZER_NUMBER_OBJECT_CONVERSION = YES_AGGRESSIVE;
				CLANG_CXX_LANGUAGE_STANDARD = "gnu++14";
				CLANG_CXX_LIBRARY = "libc++";
				CLANG_ENABLE_MODULES = YES;
				CLANG_ENABLE_OBJC_ARC = YES;
				CLANG_ENABLE_OBJC_WEAK = YES;
				CLANG_WARN_BLOCK_CAPTURE_AUTORELEASING = YES;
				CLANG_WARN_BOOL_CONVERSION = YES;
				CLANG_WARN_COMMA = YES;
				CLANG_WARN_CONSTANT_CONVERSION = YES;
				CLANG_WARN_DEPRECATED_OBJC_IMPLEMENTATIONS = YES;
				CLANG_WARN_DIRECT_OBJC_ISA_USAGE = YES_ERROR;
				CLANG_WARN_DOCUMENTATION_COMMENTS = YES;
				CLANG_WARN_EMPTY_BODY = YES;
				CLANG_WARN_ENUM_CONVERSION = YES;
				CLANG_WARN_INFINITE_RECURSION = YES;
				CLANG_WARN_INT_CONVERSION = YES;
				CLANG_WARN_NON_LITERAL_NULL_CONVERSION = YES;
				CLANG_WARN_OBJC_IMPLICIT_RETAIN_SELF = YES;
				CLANG_WARN_OBJC_LITERAL_CONVERSION = YES;
				CLANG_WARN_OBJC_ROOT_CLASS = YES_ERROR;
				CLANG_WARN_RANGE_LOOP_ANALYSIS = YES;
				CLANG_WARN_STRICT_PROTOTYPES = YES;
				CLANG_WARN_SUSPICIOUS_MOVE = YES;
				CLANG_WARN_UNGUARDED_AVAILABILITY = YES_AGGRESSIVE;
				CLANG_WARN_UNREACHABLE_CODE = YES;
				CLANG_WARN__DUPLICATE_METHOD_MATCH = YES;
				CODE_SIGN_IDENTITY = "iPhone Developer";
				COPY_PHASE_STRIP = NO;
				DEBUG_INFORMATION_FORMAT = "dwarf-with-dsym";
				ENABLE_NS_ASSERTIONS = NO;
				ENABLE_STRICT_OBJC_MSGSEND = YES;
				GCC_C_LANGUAGE_STANDARD = gnu11;
				GCC_NO_COMMON_BLOCKS = YES;
				GCC_WARN_64_TO_32_BIT_CONVERSION = YES;
				GCC_WARN_ABOUT_RETURN_TYPE = YES_ERROR;
				GCC_WARN_UNDECLARED_SELECTOR = YES;
				GCC_WARN_UNINITIALIZED_AUTOS = YES_AGGRESSIVE;
				GCC_WARN_UNUSED_FUNCTION = YES;
				GCC_WARN_UNUSED_VARIABLE = YES;
				IPHONEOS_DEPLOYMENT_TARGET = 12.2;
				MTL_ENABLE_DEBUG_INFO = NO;
				MTL_FAST_MATH = YES;
				SDKROOT = iphoneos;
				SWIFT_COMPILATION_MODE = wholemodule;
				SWIFT_OPTIMIZATION_LEVEL = "-O";
				VALIDATE_PRODUCT = YES;
			};
			name = Release;
		};
		84ED61D122B0589100532600 /* Debug */ = {
			isa = XCBuildConfiguration;
			baseConfigurationReference = 064DE09C396A12D7DC848BAF /* Pods-MovieAPP.debug.xcconfig */;
			buildSettings = {
				ASSETCATALOG_COMPILER_APPICON_NAME = AppIcon;
				CODE_SIGN_STYLE = Automatic;
				DEVELOPMENT_TEAM = VB4HUU9MDB;
				INFOPLIST_FILE = MovieAPP/Info.plist;
				LD_RUNPATH_SEARCH_PATHS = (
					"$(inherited)",
					"@executable_path/Frameworks",
				);
				PRODUCT_BUNDLE_IDENTIFIER = manzana.MovieAPP;
				PRODUCT_NAME = "$(TARGET_NAME)";
				SWIFT_VERSION = 5.0;
				TARGETED_DEVICE_FAMILY = "1,2";
			};
			name = Debug;
		};
		84ED61D222B0589100532600 /* Release */ = {
			isa = XCBuildConfiguration;
			baseConfigurationReference = E1D56CB8FC069AE49E072E7D /* Pods-MovieAPP.release.xcconfig */;
			buildSettings = {
				ASSETCATALOG_COMPILER_APPICON_NAME = AppIcon;
				CODE_SIGN_STYLE = Automatic;
				DEVELOPMENT_TEAM = VB4HUU9MDB;
				INFOPLIST_FILE = MovieAPP/Info.plist;
				LD_RUNPATH_SEARCH_PATHS = (
					"$(inherited)",
					"@executable_path/Frameworks",
				);
				PRODUCT_BUNDLE_IDENTIFIER = manzana.MovieAPP;
				PRODUCT_NAME = "$(TARGET_NAME)";
				SWIFT_VERSION = 5.0;
				TARGETED_DEVICE_FAMILY = "1,2";
			};
			name = Release;
		};
		84ED61D422B0589100532600 /* Debug */ = {
			isa = XCBuildConfiguration;
			baseConfigurationReference = 2688FE11183AE6BEB0A54A95 /* Pods-MovieAPPTests.debug.xcconfig */;
			buildSettings = {
				ALWAYS_EMBED_SWIFT_STANDARD_LIBRARIES = YES;
				BUNDLE_LOADER = "$(TEST_HOST)";
				CODE_SIGN_STYLE = Automatic;
				DEVELOPMENT_TEAM = VB4HUU9MDB;
				INFOPLIST_FILE = MovieAPPTests/Info.plist;
				LD_RUNPATH_SEARCH_PATHS = (
					"$(inherited)",
					"@executable_path/Frameworks",
					"@loader_path/Frameworks",
				);
				PRODUCT_BUNDLE_IDENTIFIER = manzana.MovieAPPTests;
				PRODUCT_NAME = "$(TARGET_NAME)";
				SWIFT_VERSION = 5.0;
				TARGETED_DEVICE_FAMILY = "1,2";
				TEST_HOST = "$(BUILT_PRODUCTS_DIR)/MovieAPP.app/MovieAPP";
			};
			name = Debug;
		};
		84ED61D522B0589100532600 /* Release */ = {
			isa = XCBuildConfiguration;
			baseConfigurationReference = DD52C8DB265D8F7167F482AD /* Pods-MovieAPPTests.release.xcconfig */;
			buildSettings = {
				ALWAYS_EMBED_SWIFT_STANDARD_LIBRARIES = YES;
				BUNDLE_LOADER = "$(TEST_HOST)";
				CODE_SIGN_STYLE = Automatic;
				DEVELOPMENT_TEAM = VB4HUU9MDB;
				INFOPLIST_FILE = MovieAPPTests/Info.plist;
				LD_RUNPATH_SEARCH_PATHS = (
					"$(inherited)",
					"@executable_path/Frameworks",
					"@loader_path/Frameworks",
				);
				PRODUCT_BUNDLE_IDENTIFIER = manzana.MovieAPPTests;
				PRODUCT_NAME = "$(TARGET_NAME)";
				SWIFT_VERSION = 5.0;
				TARGETED_DEVICE_FAMILY = "1,2";
				TEST_HOST = "$(BUILT_PRODUCTS_DIR)/MovieAPP.app/MovieAPP";
			};
			name = Release;
		};
		84ED61D722B0589100532600 /* Debug */ = {
			isa = XCBuildConfiguration;
			baseConfigurationReference = BDD33552A2E096574E522E12 /* Pods-MovieAPPUITests.debug.xcconfig */;
			buildSettings = {
				ALWAYS_EMBED_SWIFT_STANDARD_LIBRARIES = YES;
				CODE_SIGN_STYLE = Automatic;
				DEVELOPMENT_TEAM = VB4HUU9MDB;
				INFOPLIST_FILE = MovieAPPUITests/Info.plist;
				LD_RUNPATH_SEARCH_PATHS = (
					"$(inherited)",
					"@executable_path/Frameworks",
					"@loader_path/Frameworks",
				);
				PRODUCT_BUNDLE_IDENTIFIER = manzana.MovieAPPUITests;
				PRODUCT_NAME = "$(TARGET_NAME)";
				SWIFT_VERSION = 5.0;
				TARGETED_DEVICE_FAMILY = "1,2";
				TEST_TARGET_NAME = MovieAPP;
			};
			name = Debug;
		};
		84ED61D822B0589100532600 /* Release */ = {
			isa = XCBuildConfiguration;
			baseConfigurationReference = F9099409F121739A1E9F05EE /* Pods-MovieAPPUITests.release.xcconfig */;
			buildSettings = {
				ALWAYS_EMBED_SWIFT_STANDARD_LIBRARIES = YES;
				CODE_SIGN_STYLE = Automatic;
				DEVELOPMENT_TEAM = VB4HUU9MDB;
				INFOPLIST_FILE = MovieAPPUITests/Info.plist;
				LD_RUNPATH_SEARCH_PATHS = (
					"$(inherited)",
					"@executable_path/Frameworks",
					"@loader_path/Frameworks",
				);
				PRODUCT_BUNDLE_IDENTIFIER = manzana.MovieAPPUITests;
				PRODUCT_NAME = "$(TARGET_NAME)";
				SWIFT_VERSION = 5.0;
				TARGETED_DEVICE_FAMILY = "1,2";
				TEST_TARGET_NAME = MovieAPP;
			};
			name = Release;
		};
/* End XCBuildConfiguration section */

/* Begin XCConfigurationList section */
		84ED61A322B0588F00532600 /* Build configuration list for PBXProject "MovieAPP" */ = {
			isa = XCConfigurationList;
			buildConfigurations = (
				84ED61CE22B0589100532600 /* Debug */,
				84ED61CF22B0589100532600 /* Release */,
			);
			defaultConfigurationIsVisible = 0;
			defaultConfigurationName = Release;
		};
		84ED61D022B0589100532600 /* Build configuration list for PBXNativeTarget "MovieAPP" */ = {
			isa = XCConfigurationList;
			buildConfigurations = (
				84ED61D122B0589100532600 /* Debug */,
				84ED61D222B0589100532600 /* Release */,
			);
			defaultConfigurationIsVisible = 0;
			defaultConfigurationName = Release;
		};
		84ED61D322B0589100532600 /* Build configuration list for PBXNativeTarget "MovieAPPTests" */ = {
			isa = XCConfigurationList;
			buildConfigurations = (
				84ED61D422B0589100532600 /* Debug */,
				84ED61D522B0589100532600 /* Release */,
			);
			defaultConfigurationIsVisible = 0;
			defaultConfigurationName = Release;
		};
		84ED61D622B0589100532600 /* Build configuration list for PBXNativeTarget "MovieAPPUITests" */ = {
			isa = XCConfigurationList;
			buildConfigurations = (
				84ED61D722B0589100532600 /* Debug */,
				84ED61D822B0589100532600 /* Release */,
			);
			defaultConfigurationIsVisible = 0;
			defaultConfigurationName = Release;
		};
/* End XCConfigurationList section */
	};
	rootObject = 84ED61A022B0588F00532600 /* Project object */;
}
